// !$*UTF8*$!
{
	archiveVersion = 1;
	classes = {
	};
	objectVersion = 46;
	objects = {

/* Begin PBXBuildFile section */
		D409F5B21CE839E100EA5025 /* MediaViewCell.xib in Resources */ = {isa = PBXBuildFile; fileRef = D409F5B11CE839E100EA5025 /* MediaViewCell.xib */; };
		D409F5B61CE83ED200EA5025 /* MediaViewCell.swift in Sources */ = {isa = PBXBuildFile; fileRef = D409F5B51CE83ED200EA5025 /* MediaViewCell.swift */; };
		D409F5B81CEA169D00EA5025 /* ServerLoginViewController.swift in Sources */ = {isa = PBXBuildFile; fileRef = D409F5B71CEA169D00EA5025 /* ServerLoginViewController.swift */; };
		D43A179B1CE8066100D31217 /* MediaView.xib in Resources */ = {isa = PBXBuildFile; fileRef = D43A179A1CE8066100D31217 /* MediaView.xib */; };
		D43A179D1CE8072F00D31217 /* MediaViewController.swift in Sources */ = {isa = PBXBuildFile; fileRef = D43A179C1CE8072F00D31217 /* MediaViewController.swift */; };
		D43A179F1CE8099F00D31217 /* GameMediaItem.swift in Sources */ = {isa = PBXBuildFile; fileRef = D43A179E1CE8099F00D31217 /* GameMediaItem.swift */; };
		D45A3FAD1D08651600F44397 /* SearchGameCell.xib in Resources */ = {isa = PBXBuildFile; fileRef = D45A3FAC1D08651600F44397 /* SearchGameCell.xib */; };
		D45A3FAF1D08656300F44397 /* SearchGameCell.swift in Sources */ = {isa = PBXBuildFile; fileRef = D45A3FAE1D08656300F44397 /* SearchGameCell.swift */; };
		D48A66C31CBFF34F002E362E /* AppDelegate.swift in Sources */ = {isa = PBXBuildFile; fileRef = D48A66C21CBFF34F002E362E /* AppDelegate.swift */; };
		D48A66C51CBFF34F002E362E /* TrackedGamesController.swift in Sources */ = {isa = PBXBuildFile; fileRef = D48A66C41CBFF34F002E362E /* TrackedGamesController.swift */; };
		D48A66C71CBFF34F002E362E /* SearchViewController.swift in Sources */ = {isa = PBXBuildFile; fileRef = D48A66C61CBFF34F002E362E /* SearchViewController.swift */; };
		D48A66CA1CBFF34F002E362E /* Main.storyboard in Resources */ = {isa = PBXBuildFile; fileRef = D48A66C81CBFF34F002E362E /* Main.storyboard */; };
		D48A66CC1CBFF350002E362E /* Assets.xcassets in Resources */ = {isa = PBXBuildFile; fileRef = D48A66CB1CBFF350002E362E /* Assets.xcassets */; };
		D48A66CF1CBFF350002E362E /* LaunchScreen.storyboard in Resources */ = {isa = PBXBuildFile; fileRef = D48A66CD1CBFF350002E362E /* LaunchScreen.storyboard */; };
		D48A66DA1CBFF350002E362E /* UpcomingGamesiOSTests.swift in Sources */ = {isa = PBXBuildFile; fileRef = D48A66D91CBFF350002E362E /* UpcomingGamesiOSTests.swift */; };
		D48A66E51CBFF350002E362E /* UpcomingGamesiOSUITests.swift in Sources */ = {isa = PBXBuildFile; fileRef = D48A66E41CBFF350002E362E /* UpcomingGamesiOSUITests.swift */; };
		D48A66FB1CBFF9B5002E362E /* TrackedGamesListItem.xib in Resources */ = {isa = PBXBuildFile; fileRef = D48A66FA1CBFF9B5002E362E /* TrackedGamesListItem.xib */; };
		D48A66FF1CBFFA95002E362E /* UserTrackedGamesView.swift in Sources */ = {isa = PBXBuildFile; fileRef = D48A66FE1CBFFA95002E362E /* UserTrackedGamesView.swift */; };
		D48A67011CC008DF002E362E /* UserTrackedGamesCntrl.swift in Sources */ = {isa = PBXBuildFile; fileRef = D48A67001CC008DF002E362E /* UserTrackedGamesCntrl.swift */; };
		D48A67031CC01416002E362E /* httpRequestManager.swift in Sources */ = {isa = PBXBuildFile; fileRef = D48A67021CC01416002E362E /* httpRequestManager.swift */; };
		D48A67051CC01825002E362E /* TrackedGameItem.swift in Sources */ = {isa = PBXBuildFile; fileRef = D48A67041CC01825002E362E /* TrackedGameItem.swift */; };
		D48A67071CC037BF002E362E /* UserDataManager.swift in Sources */ = {isa = PBXBuildFile; fileRef = D48A67061CC037BF002E362E /* UserDataManager.swift */; };
		D48A67091CCAED7B002E362E /* TrackedGamesListItemCell.swift in Sources */ = {isa = PBXBuildFile; fileRef = D48A67081CCAED7B002E362E /* TrackedGamesListItemCell.swift */; };
		D48A670B1CD1C43B002E362E /* TrackedGameView.xib in Resources */ = {isa = PBXBuildFile; fileRef = D48A670A1CD1C43B002E362E /* TrackedGameView.xib */; };
		D48A670D1CE37B00002E362E /* GameInfoViewController.swift in Sources */ = {isa = PBXBuildFile; fileRef = D48A670C1CE37B00002E362E /* GameInfoViewController.swift */; };
		D48A670F1CE4CA32002E362E /* NewsArticleItem.swift in Sources */ = {isa = PBXBuildFile; fileRef = D48A670E1CE4CA32002E362E /* NewsArticleItem.swift */; };
		D48A67111CE4F340002E362E /* NewsArticlesView.xib in Resources */ = {isa = PBXBuildFile; fileRef = D48A67101CE4F340002E362E /* NewsArticlesView.xib */; };
		D48A67131CE502FB002E362E /* NewsArticlesViewController.swift in Sources */ = {isa = PBXBuildFile; fileRef = D48A67121CE502FB002E362E /* NewsArticlesViewController.swift */; };
		D48A67151CE5F632002E362E /* GameNewsArticleCell.xib in Resources */ = {isa = PBXBuildFile; fileRef = D48A67141CE5F632002E362E /* GameNewsArticleCell.xib */; };
		D48A67171CE5F6DB002E362E /* NewsArticleCell.swift in Sources */ = {isa = PBXBuildFile; fileRef = D48A67161CE5F6DB002E362E /* NewsArticleCell.swift */; };
		D48A67191CE60173002E362E /* WebViewController.swift in Sources */ = {isa = PBXBuildFile; fileRef = D48A67181CE60173002E362E /* WebViewController.swift */; };
		D48A671B1CE60204002E362E /* WebURLView.xib in Resources */ = {isa = PBXBuildFile; fileRef = D48A671A1CE60204002E362E /* WebURLView.xib */; };
		FF57FF16FDAF659FCD311F8B /* Pods_UpcomingGamesiOS.framework in Frameworks */ = {isa = PBXBuildFile; fileRef = C658F6BE16A3A900EED5A7B9 /* Pods_UpcomingGamesiOS.framework */; };
/* End PBXBuildFile section */

/* Begin PBXContainerItemProxy section */
		D48A66D61CBFF350002E362E /* PBXContainerItemProxy */ = {
			isa = PBXContainerItemProxy;
			containerPortal = D48A66B71CBFF34F002E362E /* Project object */;
			proxyType = 1;
			remoteGlobalIDString = D48A66BE1CBFF34F002E362E;
			remoteInfo = UpcomingGamesiOS;
		};
		D48A66E11CBFF350002E362E /* PBXContainerItemProxy */ = {
			isa = PBXContainerItemProxy;
			containerPortal = D48A66B71CBFF34F002E362E /* Project object */;
			proxyType = 1;
			remoteGlobalIDString = D48A66BE1CBFF34F002E362E;
			remoteInfo = UpcomingGamesiOS;
		};
/* End PBXContainerItemProxy section */

/* Begin PBXFileReference section */
		469850041B4EAA695B99E528 /* Pods-UpcomingGamesiOS.debug.xcconfig */ = {isa = PBXFileReference; includeInIndex = 1; lastKnownFileType = text.xcconfig; name = "Pods-UpcomingGamesiOS.debug.xcconfig"; path = "Pods/Target Support Files/Pods-UpcomingGamesiOS/Pods-UpcomingGamesiOS.debug.xcconfig"; sourceTree = "<group>"; };
		C658F6BE16A3A900EED5A7B9 /* Pods_UpcomingGamesiOS.framework */ = {isa = PBXFileReference; explicitFileType = wrapper.framework; includeInIndex = 0; path = Pods_UpcomingGamesiOS.framework; sourceTree = BUILT_PRODUCTS_DIR; };
		D409F5B11CE839E100EA5025 /* MediaViewCell.xib */ = {isa = PBXFileReference; fileEncoding = 4; lastKnownFileType = file.xib; path = MediaViewCell.xib; sourceTree = "<group>"; };
		D409F5B51CE83ED200EA5025 /* MediaViewCell.swift */ = {isa = PBXFileReference; fileEncoding = 4; lastKnownFileType = sourcecode.swift; path = MediaViewCell.swift; sourceTree = "<group>"; };
		D409F5B71CEA169D00EA5025 /* ServerLoginViewController.swift */ = {isa = PBXFileReference; fileEncoding = 4; lastKnownFileType = sourcecode.swift; path = ServerLoginViewController.swift; sourceTree = "<group>"; };
		D43A179A1CE8066100D31217 /* MediaView.xib */ = {isa = PBXFileReference; fileEncoding = 4; lastKnownFileType = file.xib; path = MediaView.xib; sourceTree = "<group>"; };
		D43A179C1CE8072F00D31217 /* MediaViewController.swift */ = {isa = PBXFileReference; fileEncoding = 4; lastKnownFileType = sourcecode.swift; path = MediaViewController.swift; sourceTree = "<group>"; };
		D43A179E1CE8099F00D31217 /* GameMediaItem.swift */ = {isa = PBXFileReference; fileEncoding = 4; lastKnownFileType = sourcecode.swift; path = GameMediaItem.swift; sourceTree = "<group>"; };
		D45A3FAC1D08651600F44397 /* SearchGameCell.xib */ = {isa = PBXFileReference; fileEncoding = 4; lastKnownFileType = file.xib; path = SearchGameCell.xib; sourceTree = "<group>"; };
		D45A3FAE1D08656300F44397 /* SearchGameCell.swift */ = {isa = PBXFileReference; fileEncoding = 4; lastKnownFileType = sourcecode.swift; path = SearchGameCell.swift; sourceTree = "<group>"; };
		D48A66BF1CBFF34F002E362E /* UpcomingGamesiOS.app */ = {isa = PBXFileReference; explicitFileType = wrapper.application; includeInIndex = 0; path = UpcomingGamesiOS.app; sourceTree = BUILT_PRODUCTS_DIR; };
		D48A66C21CBFF34F002E362E /* AppDelegate.swift */ = {isa = PBXFileReference; lastKnownFileType = sourcecode.swift; path = AppDelegate.swift; sourceTree = "<group>"; };
		D48A66C41CBFF34F002E362E /* TrackedGamesController.swift */ = {isa = PBXFileReference; lastKnownFileType = sourcecode.swift; path = TrackedGamesController.swift; sourceTree = "<group>"; };
		D48A66C61CBFF34F002E362E /* SearchViewController.swift */ = {isa = PBXFileReference; lastKnownFileType = sourcecode.swift; path = SearchViewController.swift; sourceTree = "<group>"; };
		D48A66C91CBFF34F002E362E /* Base */ = {isa = PBXFileReference; lastKnownFileType = file.storyboard; name = Base; path = Base.lproj/Main.storyboard; sourceTree = "<group>"; };
		D48A66CB1CBFF350002E362E /* Assets.xcassets */ = {isa = PBXFileReference; lastKnownFileType = folder.assetcatalog; path = Assets.xcassets; sourceTree = "<group>"; };
		D48A66CE1CBFF350002E362E /* Base */ = {isa = PBXFileReference; lastKnownFileType = file.storyboard; name = Base; path = Base.lproj/LaunchScreen.storyboard; sourceTree = "<group>"; };
		D48A66D01CBFF350002E362E /* Info.plist */ = {isa = PBXFileReference; lastKnownFileType = text.plist.xml; path = Info.plist; sourceTree = "<group>"; };
		D48A66D51CBFF350002E362E /* UpcomingGamesiOSTests.xctest */ = {isa = PBXFileReference; explicitFileType = wrapper.cfbundle; includeInIndex = 0; path = UpcomingGamesiOSTests.xctest; sourceTree = BUILT_PRODUCTS_DIR; };
		D48A66D91CBFF350002E362E /* UpcomingGamesiOSTests.swift */ = {isa = PBXFileReference; lastKnownFileType = sourcecode.swift; path = UpcomingGamesiOSTests.swift; sourceTree = "<group>"; };
		D48A66DB1CBFF350002E362E /* Info.plist */ = {isa = PBXFileReference; lastKnownFileType = text.plist.xml; path = Info.plist; sourceTree = "<group>"; };
		D48A66E01CBFF350002E362E /* UpcomingGamesiOSUITests.xctest */ = {isa = PBXFileReference; explicitFileType = wrapper.cfbundle; includeInIndex = 0; path = UpcomingGamesiOSUITests.xctest; sourceTree = BUILT_PRODUCTS_DIR; };
		D48A66E41CBFF350002E362E /* UpcomingGamesiOSUITests.swift */ = {isa = PBXFileReference; lastKnownFileType = sourcecode.swift; path = UpcomingGamesiOSUITests.swift; sourceTree = "<group>"; };
		D48A66E61CBFF350002E362E /* Info.plist */ = {isa = PBXFileReference; lastKnownFileType = text.plist.xml; path = Info.plist; sourceTree = "<group>"; };
		D48A66FA1CBFF9B5002E362E /* TrackedGamesListItem.xib */ = {isa = PBXFileReference; fileEncoding = 4; lastKnownFileType = file.xib; path = TrackedGamesListItem.xib; sourceTree = "<group>"; };
		D48A66FE1CBFFA95002E362E /* UserTrackedGamesView.swift */ = {isa = PBXFileReference; fileEncoding = 4; lastKnownFileType = sourcecode.swift; path = UserTrackedGamesView.swift; sourceTree = "<group>"; };
		D48A67001CC008DF002E362E /* UserTrackedGamesCntrl.swift */ = {isa = PBXFileReference; fileEncoding = 4; lastKnownFileType = sourcecode.swift; path = UserTrackedGamesCntrl.swift; sourceTree = "<group>"; };
		D48A67021CC01416002E362E /* httpRequestManager.swift */ = {isa = PBXFileReference; fileEncoding = 4; lastKnownFileType = sourcecode.swift; path = httpRequestManager.swift; sourceTree = "<group>"; };
		D48A67041CC01825002E362E /* TrackedGameItem.swift */ = {isa = PBXFileReference; fileEncoding = 4; lastKnownFileType = sourcecode.swift; path = TrackedGameItem.swift; sourceTree = "<group>"; };
		D48A67061CC037BF002E362E /* UserDataManager.swift */ = {isa = PBXFileReference; fileEncoding = 4; lastKnownFileType = sourcecode.swift; path = UserDataManager.swift; sourceTree = "<group>"; };
		D48A67081CCAED7B002E362E /* TrackedGamesListItemCell.swift */ = {isa = PBXFileReference; fileEncoding = 4; lastKnownFileType = sourcecode.swift; path = TrackedGamesListItemCell.swift; sourceTree = "<group>"; };
		D48A670A1CD1C43B002E362E /* TrackedGameView.xib */ = {isa = PBXFileReference; fileEncoding = 4; lastKnownFileType = file.xib; path = TrackedGameView.xib; sourceTree = "<group>"; };
		D48A670C1CE37B00002E362E /* GameInfoViewController.swift */ = {isa = PBXFileReference; fileEncoding = 4; lastKnownFileType = sourcecode.swift; path = GameInfoViewController.swift; sourceTree = "<group>"; };
		D48A670E1CE4CA32002E362E /* NewsArticleItem.swift */ = {isa = PBXFileReference; fileEncoding = 4; lastKnownFileType = sourcecode.swift; path = NewsArticleItem.swift; sourceTree = "<group>"; };
		D48A67101CE4F340002E362E /* NewsArticlesView.xib */ = {isa = PBXFileReference; fileEncoding = 4; lastKnownFileType = file.xib; path = NewsArticlesView.xib; sourceTree = "<group>"; };
		D48A67121CE502FB002E362E /* NewsArticlesViewController.swift */ = {isa = PBXFileReference; fileEncoding = 4; lastKnownFileType = sourcecode.swift; path = NewsArticlesViewController.swift; sourceTree = "<group>"; };
		D48A67141CE5F632002E362E /* GameNewsArticleCell.xib */ = {isa = PBXFileReference; fileEncoding = 4; lastKnownFileType = file.xib; path = GameNewsArticleCell.xib; sourceTree = "<group>"; };
		D48A67161CE5F6DB002E362E /* NewsArticleCell.swift */ = {isa = PBXFileReference; fileEncoding = 4; lastKnownFileType = sourcecode.swift; path = NewsArticleCell.swift; sourceTree = "<group>"; };
		D48A67181CE60173002E362E /* WebViewController.swift */ = {isa = PBXFileReference; fileEncoding = 4; lastKnownFileType = sourcecode.swift; path = WebViewController.swift; sourceTree = "<group>"; };
		D48A671A1CE60204002E362E /* WebURLView.xib */ = {isa = PBXFileReference; fileEncoding = 4; lastKnownFileType = file.xib; path = WebURLView.xib; sourceTree = "<group>"; };
		FB43D463A9D60A26D9BD0ED2 /* Pods-UpcomingGamesiOS.release.xcconfig */ = {isa = PBXFileReference; includeInIndex = 1; lastKnownFileType = text.xcconfig; name = "Pods-UpcomingGamesiOS.release.xcconfig"; path = "Pods/Target Support Files/Pods-UpcomingGamesiOS/Pods-UpcomingGamesiOS.release.xcconfig"; sourceTree = "<group>"; };
/* End PBXFileReference section */

/* Begin PBXFrameworksBuildPhase section */
		D48A66BC1CBFF34F002E362E /* Frameworks */ = {
			isa = PBXFrameworksBuildPhase;
			buildActionMask = 2147483647;
			files = (
				FF57FF16FDAF659FCD311F8B /* Pods_UpcomingGamesiOS.framework in Frameworks */,
			);
			runOnlyForDeploymentPostprocessing = 0;
		};
		D48A66D21CBFF350002E362E /* Frameworks */ = {
			isa = PBXFrameworksBuildPhase;
			buildActionMask = 2147483647;
			files = (
			);
			runOnlyForDeploymentPostprocessing = 0;
		};
		D48A66DD1CBFF350002E362E /* Frameworks */ = {
			isa = PBXFrameworksBuildPhase;
			buildActionMask = 2147483647;
			files = (
			);
			runOnlyForDeploymentPostprocessing = 0;
		};
/* End PBXFrameworksBuildPhase section */

/* Begin PBXGroup section */
		AE1CE53332880D52F326993A /* Pods */ = {
			isa = PBXGroup;
			children = (
				469850041B4EAA695B99E528 /* Pods-UpcomingGamesiOS.debug.xcconfig */,
				FB43D463A9D60A26D9BD0ED2 /* Pods-UpcomingGamesiOS.release.xcconfig */,
			);
			name = Pods;
			sourceTree = "<group>";
		};
		CE5FA5A4024D6F5EED5B3EB4 /* Frameworks */ = {
			isa = PBXGroup;
			children = (
				C658F6BE16A3A900EED5A7B9 /* Pods_UpcomingGamesiOS.framework */,
			);
			name = Frameworks;
			sourceTree = "<group>";
		};
		D48A66B61CBFF34F002E362E = {
			isa = PBXGroup;
			children = (
				D48A66C11CBFF34F002E362E /* UpcomingGamesiOS */,
				D48A66D81CBFF350002E362E /* UpcomingGamesiOSTests */,
				D48A66E31CBFF350002E362E /* UpcomingGamesiOSUITests */,
				D48A66C01CBFF34F002E362E /* Products */,
				AE1CE53332880D52F326993A /* Pods */,
				CE5FA5A4024D6F5EED5B3EB4 /* Frameworks */,
			);
			sourceTree = "<group>";
		};
		D48A66C01CBFF34F002E362E /* Products */ = {
			isa = PBXGroup;
			children = (
				D48A66BF1CBFF34F002E362E /* UpcomingGamesiOS.app */,
				D48A66D51CBFF350002E362E /* UpcomingGamesiOSTests.xctest */,
				D48A66E01CBFF350002E362E /* UpcomingGamesiOSUITests.xctest */,
			);
			name = Products;
			sourceTree = "<group>";
		};
		D48A66C11CBFF34F002E362E /* UpcomingGamesiOS */ = {
			isa = PBXGroup;
			children = (
				D48A66F51CBFF3C4002E362E /* Storyboards */,
				D48A66F41CBFF3B3002E362E /* Resources */,
				D48A66F31CBFF3A6002E362E /* UI */,
				D48A66F21CBFF38B002E362E /* Framedation */,
				D48A66C21CBFF34F002E362E /* AppDelegate.swift */,
				D48A66CB1CBFF350002E362E /* Assets.xcassets */,
				D48A66D01CBFF350002E362E /* Info.plist */,
			);
			path = UpcomingGamesiOS;
			sourceTree = "<group>";
		};
		D48A66D81CBFF350002E362E /* UpcomingGamesiOSTests */ = {
			isa = PBXGroup;
			children = (
				D48A66D91CBFF350002E362E /* UpcomingGamesiOSTests.swift */,
				D48A66DB1CBFF350002E362E /* Info.plist */,
			);
			path = UpcomingGamesiOSTests;
			sourceTree = "<group>";
		};
		D48A66E31CBFF350002E362E /* UpcomingGamesiOSUITests */ = {
			isa = PBXGroup;
			children = (
				D48A66E41CBFF350002E362E /* UpcomingGamesiOSUITests.swift */,
				D48A66E61CBFF350002E362E /* Info.plist */,
			);
			path = UpcomingGamesiOSUITests;
			sourceTree = "<group>";
		};
		D48A66F21CBFF38B002E362E /* Framedation */ = {
			isa = PBXGroup;
			children = (
				D48A67021CC01416002E362E /* httpRequestManager.swift */,
				D48A67041CC01825002E362E /* TrackedGameItem.swift */,
				D48A67061CC037BF002E362E /* UserDataManager.swift */,
				D48A670E1CE4CA32002E362E /* NewsArticleItem.swift */,
				D43A179E1CE8099F00D31217 /* GameMediaItem.swift */,
			);
			name = Framedation;
			sourceTree = "<group>";
		};
		D48A66F31CBFF3A6002E362E /* UI */ = {
			isa = PBXGroup;
			children = (
				D48A66F71CBFF724002E362E /* TopTab */,
				D48A66F61CBFF70E002E362E /* TrackedGames */,
			);
			name = UI;
			sourceTree = "<group>";
		};
		D48A66F41CBFF3B3002E362E /* Resources */ = {
			isa = PBXGroup;
			children = (
			);
			name = Resources;
			sourceTree = "<group>";
		};
		D48A66F51CBFF3C4002E362E /* Storyboards */ = {
			isa = PBXGroup;
			children = (
				D48A66CD1CBFF350002E362E /* LaunchScreen.storyboard */,
				D48A66C81CBFF34F002E362E /* Main.storyboard */,
			);
			name = Storyboards;
			sourceTree = "<group>";
		};
		D48A66F61CBFF70E002E362E /* TrackedGames */ = {
			isa = PBXGroup;
			children = (
				D48A66FD1CBFFA6B002E362E /* Controllers */,
				D48A66FC1CBFFA31002E362E /* Views */,
			);
			name = TrackedGames;
			sourceTree = "<group>";
		};
		D48A66F71CBFF724002E362E /* TopTab */ = {
			isa = PBXGroup;
			children = (
			);
			name = TopTab;
			sourceTree = "<group>";
		};
		D48A66FC1CBFFA31002E362E /* Views */ = {
			isa = PBXGroup;
			children = (
				D48A670A1CD1C43B002E362E /* TrackedGameView.xib */,
				D48A66FE1CBFFA95002E362E /* UserTrackedGamesView.swift */,
				D48A66FA1CBFF9B5002E362E /* TrackedGamesListItem.xib */,
				D48A67081CCAED7B002E362E /* TrackedGamesListItemCell.swift */,
				D48A67101CE4F340002E362E /* NewsArticlesView.xib */,
				D48A67141CE5F632002E362E /* GameNewsArticleCell.xib */,
				D48A67161CE5F6DB002E362E /* NewsArticleCell.swift */,
				D48A671A1CE60204002E362E /* WebURLView.xib */,
				D43A179A1CE8066100D31217 /* MediaView.xib */,
				D409F5B11CE839E100EA5025 /* MediaViewCell.xib */,
				D409F5B51CE83ED200EA5025 /* MediaViewCell.swift */,
				D45A3FAC1D08651600F44397 /* SearchGameCell.xib */,
				D45A3FAE1D08656300F44397 /* SearchGameCell.swift */,
			);
			name = Views;
			sourceTree = "<group>";
		};
		D48A66FD1CBFFA6B002E362E /* Controllers */ = {
			isa = PBXGroup;
			children = (
				D48A66C61CBFF34F002E362E /* SearchViewController.swift */,
				D48A66C41CBFF34F002E362E /* TrackedGamesController.swift */,
				D48A67001CC008DF002E362E /* UserTrackedGamesCntrl.swift */,
				D48A670C1CE37B00002E362E /* GameInfoViewController.swift */,
				D48A67121CE502FB002E362E /* NewsArticlesViewController.swift */,
				D48A67181CE60173002E362E /* WebViewController.swift */,
				D43A179C1CE8072F00D31217 /* MediaViewController.swift */,
				D409F5B71CEA169D00EA5025 /* ServerLoginViewController.swift */,
			);
			name = Controllers;
			sourceTree = "<group>";
		};
/* End PBXGroup section */

/* Begin PBXNativeTarget section */
		D48A66BE1CBFF34F002E362E /* UpcomingGamesiOS */ = {
			isa = PBXNativeTarget;
			buildConfigurationList = D48A66E91CBFF350002E362E /* Build configuration list for PBXNativeTarget "UpcomingGamesiOS" */;
			buildPhases = (
				79A73297BF49D902EC0D7768 /* 📦 Check Pods Manifest.lock */,
				D48A66BB1CBFF34F002E362E /* Sources */,
				D48A66BC1CBFF34F002E362E /* Frameworks */,
				D48A66BD1CBFF34F002E362E /* Resources */,
				5C56B276C07544167D799799 /* 📦 Embed Pods Frameworks */,
				B1A9CEA43F8E1FD97BED2A5A /* 📦 Copy Pods Resources */,
			);
			buildRules = (
			);
			dependencies = (
			);
			name = UpcomingGamesiOS;
			productName = UpcomingGamesiOS;
			productReference = D48A66BF1CBFF34F002E362E /* UpcomingGamesiOS.app */;
			productType = "com.apple.product-type.application";
		};
		D48A66D41CBFF350002E362E /* UpcomingGamesiOSTests */ = {
			isa = PBXNativeTarget;
			buildConfigurationList = D48A66EC1CBFF350002E362E /* Build configuration list for PBXNativeTarget "UpcomingGamesiOSTests" */;
			buildPhases = (
				D48A66D11CBFF350002E362E /* Sources */,
				D48A66D21CBFF350002E362E /* Frameworks */,
				D48A66D31CBFF350002E362E /* Resources */,
			);
			buildRules = (
			);
			dependencies = (
				D48A66D71CBFF350002E362E /* PBXTargetDependency */,
			);
			name = UpcomingGamesiOSTests;
			productName = UpcomingGamesiOSTests;
			productReference = D48A66D51CBFF350002E362E /* UpcomingGamesiOSTests.xctest */;
			productType = "com.apple.product-type.bundle.unit-test";
		};
		D48A66DF1CBFF350002E362E /* UpcomingGamesiOSUITests */ = {
			isa = PBXNativeTarget;
			buildConfigurationList = D48A66EF1CBFF350002E362E /* Build configuration list for PBXNativeTarget "UpcomingGamesiOSUITests" */;
			buildPhases = (
				D48A66DC1CBFF350002E362E /* Sources */,
				D48A66DD1CBFF350002E362E /* Frameworks */,
				D48A66DE1CBFF350002E362E /* Resources */,
			);
			buildRules = (
			);
			dependencies = (
				D48A66E21CBFF350002E362E /* PBXTargetDependency */,
			);
			name = UpcomingGamesiOSUITests;
			productName = UpcomingGamesiOSUITests;
			productReference = D48A66E01CBFF350002E362E /* UpcomingGamesiOSUITests.xctest */;
			productType = "com.apple.product-type.bundle.ui-testing";
		};
/* End PBXNativeTarget section */

/* Begin PBXProject section */
		D48A66B71CBFF34F002E362E /* Project object */ = {
			isa = PBXProject;
			attributes = {
				LastSwiftUpdateCheck = 0730;
				LastUpgradeCheck = 0730;
				ORGANIZATIONNAME = "Joseph Cruz";
				TargetAttributes = {
					D48A66BE1CBFF34F002E362E = {
						CreatedOnToolsVersion = 7.3;
						DevelopmentTeam = 98BVQ4EAEV;
					};
					D48A66D41CBFF350002E362E = {
						CreatedOnToolsVersion = 7.3;
						TestTargetID = D48A66BE1CBFF34F002E362E;
					};
					D48A66DF1CBFF350002E362E = {
						CreatedOnToolsVersion = 7.3;
						TestTargetID = D48A66BE1CBFF34F002E362E;
					};
				};
			};
			buildConfigurationList = D48A66BA1CBFF34F002E362E /* Build configuration list for PBXProject "UpcomingGamesiOS" */;
			compatibilityVersion = "Xcode 3.2";
			developmentRegion = English;
			hasScannedForEncodings = 0;
			knownRegions = (
				en,
				Base,
			);
			mainGroup = D48A66B61CBFF34F002E362E;
			productRefGroup = D48A66C01CBFF34F002E362E /* Products */;
			projectDirPath = "";
			projectRoot = "";
			targets = (
				D48A66BE1CBFF34F002E362E /* UpcomingGamesiOS */,
				D48A66D41CBFF350002E362E /* UpcomingGamesiOSTests */,
				D48A66DF1CBFF350002E362E /* UpcomingGamesiOSUITests */,
			);
		};
/* End PBXProject section */

/* Begin PBXResourcesBuildPhase section */
		D48A66BD1CBFF34F002E362E /* Resources */ = {
			isa = PBXResourcesBuildPhase;
			buildActionMask = 2147483647;
			files = (
				D48A67111CE4F340002E362E /* NewsArticlesView.xib in Resources */,
				D409F5B21CE839E100EA5025 /* MediaViewCell.xib in Resources */,
				D48A66FB1CBFF9B5002E362E /* TrackedGamesListItem.xib in Resources */,
				D48A670B1CD1C43B002E362E /* TrackedGameView.xib in Resources */,
				D48A671B1CE60204002E362E /* WebURLView.xib in Resources */,
				D45A3FAD1D08651600F44397 /* SearchGameCell.xib in Resources */,
				D43A179B1CE8066100D31217 /* MediaView.xib in Resources */,
				D48A67151CE5F632002E362E /* GameNewsArticleCell.xib in Resources */,
				D48A66CF1CBFF350002E362E /* LaunchScreen.storyboard in Resources */,
				D48A66CC1CBFF350002E362E /* Assets.xcassets in Resources */,
				D48A66CA1CBFF34F002E362E /* Main.storyboard in Resources */,
			);
			runOnlyForDeploymentPostprocessing = 0;
		};
		D48A66D31CBFF350002E362E /* Resources */ = {
			isa = PBXResourcesBuildPhase;
			buildActionMask = 2147483647;
			files = (
			);
			runOnlyForDeploymentPostprocessing = 0;
		};
		D48A66DE1CBFF350002E362E /* Resources */ = {
			isa = PBXResourcesBuildPhase;
			buildActionMask = 2147483647;
			files = (
			);
			runOnlyForDeploymentPostprocessing = 0;
		};
/* End PBXResourcesBuildPhase section */

/* Begin PBXShellScriptBuildPhase section */
		5C56B276C07544167D799799 /* 📦 Embed Pods Frameworks */ = {
			isa = PBXShellScriptBuildPhase;
			buildActionMask = 2147483647;
			files = (
			);
			inputPaths = (
			);
			name = "📦 Embed Pods Frameworks";
			outputPaths = (
			);
			runOnlyForDeploymentPostprocessing = 0;
			shellPath = /bin/sh;
			shellScript = "\"${SRCROOT}/Pods/Target Support Files/Pods-UpcomingGamesiOS/Pods-UpcomingGamesiOS-frameworks.sh\"\n";
			showEnvVarsInLog = 0;
		};
		79A73297BF49D902EC0D7768 /* 📦 Check Pods Manifest.lock */ = {
			isa = PBXShellScriptBuildPhase;
			buildActionMask = 2147483647;
			files = (
			);
			inputPaths = (
			);
			name = "📦 Check Pods Manifest.lock";
			outputPaths = (
			);
			runOnlyForDeploymentPostprocessing = 0;
			shellPath = /bin/sh;
			shellScript = "diff \"${PODS_ROOT}/../Podfile.lock\" \"${PODS_ROOT}/Manifest.lock\" > /dev/null\nif [[ $? != 0 ]] ; then\n    cat << EOM\nerror: The sandbox is not in sync with the Podfile.lock. Run 'pod install' or update your CocoaPods installation.\nEOM\n    exit 1\nfi\n";
			showEnvVarsInLog = 0;
		};
		B1A9CEA43F8E1FD97BED2A5A /* 📦 Copy Pods Resources */ = {
			isa = PBXShellScriptBuildPhase;
			buildActionMask = 2147483647;
			files = (
			);
			inputPaths = (
			);
			name = "📦 Copy Pods Resources";
			outputPaths = (
			);
			runOnlyForDeploymentPostprocessing = 0;
			shellPath = /bin/sh;
			shellScript = "\"${SRCROOT}/Pods/Target Support Files/Pods-UpcomingGamesiOS/Pods-UpcomingGamesiOS-resources.sh\"\n";
			showEnvVarsInLog = 0;
		};
/* End PBXShellScriptBuildPhase section */

/* Begin PBXSourcesBuildPhase section */
		D48A66BB1CBFF34F002E362E /* Sources */ = {
			isa = PBXSourcesBuildPhase;
			buildActionMask = 2147483647;
			files = (
				D45A3FAF1D08656300F44397 /* SearchGameCell.swift in Sources */,
				D48A67051CC01825002E362E /* TrackedGameItem.swift in Sources */,
				D43A179D1CE8072F00D31217 /* MediaViewController.swift in Sources */,
				D48A66C71CBFF34F002E362E /* SearchViewController.swift in Sources */,
				D48A670F1CE4CA32002E362E /* NewsArticleItem.swift in Sources */,
				D48A67031CC01416002E362E /* httpRequestManager.swift in Sources */,
				D48A66C31CBFF34F002E362E /* AppDelegate.swift in Sources */,
				D48A670D1CE37B00002E362E /* GameInfoViewController.swift in Sources */,
				D43A179F1CE8099F00D31217 /* GameMediaItem.swift in Sources */,
				D48A67071CC037BF002E362E /* UserDataManager.swift in Sources */,
				D409F5B61CE83ED200EA5025 /* MediaViewCell.swift in Sources */,
				D48A66C51CBFF34F002E362E /* TrackedGamesController.swift in Sources */,
				D409F5B81CEA169D00EA5025 /* ServerLoginViewController.swift in Sources */,
				D48A67171CE5F6DB002E362E /* NewsArticleCell.swift in Sources */,
				D48A67131CE502FB002E362E /* NewsArticlesViewController.swift in Sources */,
				D48A67091CCAED7B002E362E /* TrackedGamesListItemCell.swift in Sources */,
				D48A67191CE60173002E362E /* WebViewController.swift in Sources */,
				D48A66FF1CBFFA95002E362E /* UserTrackedGamesView.swift in Sources */,
				D48A67011CC008DF002E362E /* UserTrackedGamesCntrl.swift in Sources */,
			);
			runOnlyForDeploymentPostprocessing = 0;
		};
		D48A66D11CBFF350002E362E /* Sources */ = {
			isa = PBXSourcesBuildPhase;
			buildActionMask = 2147483647;
			files = (
				D48A66DA1CBFF350002E362E /* UpcomingGamesiOSTests.swift in Sources */,
			);
			runOnlyForDeploymentPostprocessing = 0;
		};
		D48A66DC1CBFF350002E362E /* Sources */ = {
			isa = PBXSourcesBuildPhase;
			buildActionMask = 2147483647;
			files = (
				D48A66E51CBFF350002E362E /* UpcomingGamesiOSUITests.swift in Sources */,
			);
			runOnlyForDeploymentPostprocessing = 0;
		};
/* End PBXSourcesBuildPhase section */

/* Begin PBXTargetDependency section */
		D48A66D71CBFF350002E362E /* PBXTargetDependency */ = {
			isa = PBXTargetDependency;
			target = D48A66BE1CBFF34F002E362E /* UpcomingGamesiOS */;
			targetProxy = D48A66D61CBFF350002E362E /* PBXContainerItemProxy */;
		};
		D48A66E21CBFF350002E362E /* PBXTargetDependency */ = {
			isa = PBXTargetDependency;
			target = D48A66BE1CBFF34F002E362E /* UpcomingGamesiOS */;
			targetProxy = D48A66E11CBFF350002E362E /* PBXContainerItemProxy */;
		};
/* End PBXTargetDependency section */

/* Begin PBXVariantGroup section */
		D48A66C81CBFF34F002E362E /* Main.storyboard */ = {
			isa = PBXVariantGroup;
			children = (
				D48A66C91CBFF34F002E362E /* Base */,
			);
			name = Main.storyboard;
			sourceTree = "<group>";
		};
		D48A66CD1CBFF350002E362E /* LaunchScreen.storyboard */ = {
			isa = PBXVariantGroup;
			children = (
				D48A66CE1CBFF350002E362E /* Base */,
			);
			name = LaunchScreen.storyboard;
			sourceTree = "<group>";
		};
/* End PBXVariantGroup section */

/* Begin XCBuildConfiguration section */
		D48A66E71CBFF350002E362E /* Debug */ = {
			isa = XCBuildConfiguration;
			buildSettings = {
				ALWAYS_SEARCH_USER_PATHS = NO;
				CLANG_ANALYZER_NONNULL = YES;
				CLANG_CXX_LANGUAGE_STANDARD = "gnu++0x";
				CLANG_CXX_LIBRARY = "libc++";
				CLANG_ENABLE_MODULES = YES;
				CLANG_ENABLE_OBJC_ARC = YES;
				CLANG_WARN_BOOL_CONVERSION = YES;
				CLANG_WARN_CONSTANT_CONVERSION = YES;
				CLANG_WARN_DIRECT_OBJC_ISA_USAGE = YES_ERROR;
				CLANG_WARN_EMPTY_BODY = YES;
				CLANG_WARN_ENUM_CONVERSION = YES;
				CLANG_WARN_INT_CONVERSION = YES;
				CLANG_WARN_OBJC_ROOT_CLASS = YES_ERROR;
				CLANG_WARN_UNREACHABLE_CODE = YES;
				CLANG_WARN__DUPLICATE_METHOD_MATCH = YES;
				"CODE_SIGN_IDENTITY[sdk=iphoneos*]" = "iPhone Developer";
				COPY_PHASE_STRIP = NO;
				DEBUG_INFORMATION_FORMAT = dwarf;
				ENABLE_STRICT_OBJC_MSGSEND = YES;
				ENABLE_TESTABILITY = YES;
				GCC_C_LANGUAGE_STANDARD = gnu99;
				GCC_DYNAMIC_NO_PIC = NO;
				GCC_NO_COMMON_BLOCKS = YES;
				GCC_OPTIMIZATION_LEVEL = 0;
				GCC_PREPROCESSOR_DEFINITIONS = (
					"DEBUG=1",
					"$(inherited)",
				);
				GCC_WARN_64_TO_32_BIT_CONVERSION = YES;
				GCC_WARN_ABOUT_RETURN_TYPE = YES_ERROR;
				GCC_WARN_UNDECLARED_SELECTOR = YES;
				GCC_WARN_UNINITIALIZED_AUTOS = YES_AGGRESSIVE;
				GCC_WARN_UNUSED_FUNCTION = YES;
				GCC_WARN_UNUSED_VARIABLE = YES;
				IPHONEOS_DEPLOYMENT_TARGET = 9.3;
				MTL_ENABLE_DEBUG_INFO = YES;
				ONLY_ACTIVE_ARCH = YES;
				SDKROOT = iphoneos;
				SWIFT_OPTIMIZATION_LEVEL = "-Onone";
			};
			name = Debug;
		};
		D48A66E81CBFF350002E362E /* Release */ = {
			isa = XCBuildConfiguration;
			buildSettings = {
				ALWAYS_SEARCH_USER_PATHS = NO;
				CLANG_ANALYZER_NONNULL = YES;
				CLANG_CXX_LANGUAGE_STANDARD = "gnu++0x";
				CLANG_CXX_LIBRARY = "libc++";
				CLANG_ENABLE_MODULES = YES;
				CLANG_ENABLE_OBJC_ARC = YES;
				CLANG_WARN_BOOL_CONVERSION = YES;
				CLANG_WARN_CONSTANT_CONVERSION = YES;
				CLANG_WARN_DIRECT_OBJC_ISA_USAGE = YES_ERROR;
				CLANG_WARN_EMPTY_BODY = YES;
				CLANG_WARN_ENUM_CONVERSION = YES;
				CLANG_WARN_INT_CONVERSION = YES;
				CLANG_WARN_OBJC_ROOT_CLASS = YES_ERROR;
				CLANG_WARN_UNREACHABLE_CODE = YES;
				CLANG_WARN__DUPLICATE_METHOD_MATCH = YES;
				"CODE_SIGN_IDENTITY[sdk=iphoneos*]" = "iPhone Developer";
				COPY_PHASE_STRIP = NO;
				DEBUG_INFORMATION_FORMAT = "dwarf-with-dsym";
				ENABLE_NS_ASSERTIONS = NO;
				ENABLE_STRICT_OBJC_MSGSEND = YES;
				GCC_C_LANGUAGE_STANDARD = gnu99;
				GCC_NO_COMMON_BLOCKS = YES;
				GCC_WARN_64_TO_32_BIT_CONVERSION = YES;
				GCC_WARN_ABOUT_RETURN_TYPE = YES_ERROR;
				GCC_WARN_UNDECLARED_SELECTOR = YES;
				GCC_WARN_UNINITIALIZED_AUTOS = YES_AGGRESSIVE;
				GCC_WARN_UNUSED_FUNCTION = YES;
				GCC_WARN_UNUSED_VARIABLE = YES;
				IPHONEOS_DEPLOYMENT_TARGET = 9.3;
				MTL_ENABLE_DEBUG_INFO = NO;
				SDKROOT = iphoneos;
				VALIDATE_PRODUCT = YES;
			};
			name = Release;
		};
		D48A66EA1CBFF350002E362E /* Debug */ = {
			isa = XCBuildConfiguration;
			baseConfigurationReference = 469850041B4EAA695B99E528 /* Pods-UpcomingGamesiOS.debug.xcconfig */;
			buildSettings = {
				ASSETCATALOG_COMPILER_APPICON_NAME = AppIcon;
				CODE_SIGN_IDENTITY = "iPhone Developer";
				"CODE_SIGN_IDENTITY[sdk=iphoneos*]" = "iPhone Developer";
				INFOPLIST_FILE = UpcomingGamesiOS/Info.plist;
				LD_RUNPATH_SEARCH_PATHS = "$(inherited) @executable_path/Frameworks";
				PRODUCT_BUNDLE_IDENTIFIER = JosephCruz.UpcomingGamesiOS;
				PRODUCT_NAME = "$(TARGET_NAME)";
				PROVISIONING_PROFILE = "";
				TARGETED_DEVICE_FAMILY = 1;
			};
			name = Debug;
		};
		D48A66EB1CBFF350002E362E /* Release */ = {
			isa = XCBuildConfiguration;
			baseConfigurationReference = FB43D463A9D60A26D9BD0ED2 /* Pods-UpcomingGamesiOS.release.xcconfig */;
			buildSettings = {
				ASSETCATALOG_COMPILER_APPICON_NAME = AppIcon;
				CODE_SIGN_IDENTITY = "iPhone Developer";
				"CODE_SIGN_IDENTITY[sdk=iphoneos*]" = "iPhone Developer";
				INFOPLIST_FILE = UpcomingGamesiOS/Info.plist;
				LD_RUNPATH_SEARCH_PATHS = "$(inherited) @executable_path/Frameworks";
				PRODUCT_BUNDLE_IDENTIFIER = JosephCruz.UpcomingGamesiOS;
				PRODUCT_NAME = "$(TARGET_NAME)";
				PROVISIONING_PROFILE = "";
				TARGETED_DEVICE_FAMILY = 1;
			};
			name = Release;
		};
		D48A66ED1CBFF350002E362E /* Debug */ = {
			isa = XCBuildConfiguration;
			buildSettings = {
				BUNDLE_LOADER = "$(TEST_HOST)";
				INFOPLIST_FILE = UpcomingGamesiOSTests/Info.plist;
				LD_RUNPATH_SEARCH_PATHS = "$(inherited) @executable_path/Frameworks @loader_path/Frameworks";
				PRODUCT_BUNDLE_IDENTIFIER = JosephCruz.UpcomingGamesiOSTests;
				PRODUCT_NAME = "$(TARGET_NAME)";
				TEST_HOST = "$(BUILT_PRODUCTS_DIR)/UpcomingGamesiOS.app/UpcomingGamesiOS";
			};
			name = Debug;
		};
		D48A66EE1CBFF350002E362E /* Release */ = {
			isa = XCBuildConfiguration;
			buildSettings = {
				BUNDLE_LOADER = "$(TEST_HOST)";
				INFOPLIST_FILE = UpcomingGamesiOSTests/Info.plist;
				LD_RUNPATH_SEARCH_PATHS = "$(inherited) @executable_path/Frameworks @loader_path/Frameworks";
				PRODUCT_BUNDLE_IDENTIFIER = JosephCruz.UpcomingGamesiOSTests;
				PRODUCT_NAME = "$(TARGET_NAME)";
				TEST_HOST = "$(BUILT_PRODUCTS_DIR)/UpcomingGamesiOS.app/UpcomingGamesiOS";
			};
			name = Release;
		};
		D48A66F01CBFF350002E362E /* Debug */ = {
			isa = XCBuildConfiguration;
			buildSettings = {
				INFOPLIST_FILE = UpcomingGamesiOSUITests/Info.plist;
				LD_RUNPATH_SEARCH_PATHS = "$(inherited) @executable_path/Frameworks @loader_path/Frameworks";
				PRODUCT_BUNDLE_IDENTIFIER = JosephCruz.UpcomingGamesiOSUITests;
				PRODUCT_NAME = "$(TARGET_NAME)";
				TEST_TARGET_NAME = UpcomingGamesiOS;
			};
			name = Debug;
		};
		D48A66F11CBFF350002E362E /* Release */ = {
			isa = XCBuildConfiguration;
			buildSettings = {
				INFOPLIST_FILE = UpcomingGamesiOSUITests/Info.plist;
				LD_RUNPATH_SEARCH_PATHS = "$(inherited) @executable_path/Frameworks @loader_path/Frameworks";
				PRODUCT_BUNDLE_IDENTIFIER = JosephCruz.UpcomingGamesiOSUITests;
				PRODUCT_NAME = "$(TARGET_NAME)";
				TEST_TARGET_NAME = UpcomingGamesiOS;
			};
			name = Release;
		};
/* End XCBuildConfiguration section */

/* Begin XCConfigurationList section */
		D48A66BA1CBFF34F002E362E /* Build configuration list for PBXProject "UpcomingGamesiOS" */ = {
			isa = XCConfigurationList;
			buildConfigurations = (
				D48A66E71CBFF350002E362E /* Debug */,
				D48A66E81CBFF350002E362E /* Release */,
			);
			defaultConfigurationIsVisible = 0;
			defaultConfigurationName = Release;
		};
		D48A66E91CBFF350002E362E /* Build configuration list for PBXNativeTarget "UpcomingGamesiOS" */ = {
			isa = XCConfigurationList;
			buildConfigurations = (
				D48A66EA1CBFF350002E362E /* Debug */,
				D48A66EB1CBFF350002E362E /* Release */,
			);
			defaultConfigurationIsVisible = 0;
			defaultConfigurationName = Release;
		};
		D48A66EC1CBFF350002E362E /* Build configuration list for PBXNativeTarget "UpcomingGamesiOSTests" */ = {
			isa = XCConfigurationList;
			buildConfigurations = (
				D48A66ED1CBFF350002E362E /* Debug */,
				D48A66EE1CBFF350002E362E /* Release */,
			);
			defaultConfigurationIsVisible = 0;
			defaultConfigurationName = Release;
		};
		D48A66EF1CBFF350002E362E /* Build configuration list for PBXNativeTarget "UpcomingGamesiOSUITests" */ = {
			isa = XCConfigurationList;
			buildConfigurations = (
				D48A66F01CBFF350002E362E /* Debug */,
				D48A66F11CBFF350002E362E /* Release */,
			);
			defaultConfigurationIsVisible = 0;
			defaultConfigurationName = Release;
		};
/* End XCConfigurationList section */
	};
	rootObject = D48A66B71CBFF34F002E362E /* Project object */;
}
